
Microsoft Visual Studio Solution File, Format Version 12.00
# Visual Studio Version 16
VisualStudioVersion = 16.6.30114.105
MinimumVisualStudioVersion = 10.0.40219.1
Project("{2150E333-8FDC-42A3-9474-1A3956D46DE8}") = "src", "src", "{F935BAD1-C810-4FEC-9F80-530714CAA5AE}"
EndProject
Project("{FAE04EC0-301F-11D3-BF4B-00C04F79EFBC}") = "LeanCode.ContractsGenerator", "src\LeanCode.ContractsGenerator\LeanCode.ContractsGenerator.csproj", "{2D4A9E96-9B06-43D9-B5C7-B65C908A02D2}"
EndProject
Project("{FAE04EC0-301F-11D3-BF4B-00C04F79EFBC}") = "LeanCode.ContractsGenerator.Tests", "src\LeanCode.ContractsGenerator.Tests\LeanCode.ContractsGenerator.Tests.csproj", "{DF27F83D-757C-4263-9812-3EF7892E902C}"
EndProject
Global
	GlobalSection(SolutionConfigurationPlatforms) = preSolution
		Debug|Any CPU = Debug|Any CPU
		Debug|x64 = Debug|x64
		Debug|x86 = Debug|x86
		Release|Any CPU = Release|Any CPU
		Release|x64 = Release|x64
		Release|x86 = Release|x86
	EndGlobalSection
	GlobalSection(SolutionProperties) = preSolution
		HideSolutionNode = FALSE
	EndGlobalSection
	GlobalSection(ProjectConfigurationPlatforms) = postSolution
		{2D4A9E96-9B06-43D9-B5C7-B65C908A02D2}.Debug|Any CPU.ActiveCfg = Debug|Any CPU
		{2D4A9E96-9B06-43D9-B5C7-B65C908A02D2}.Debug|Any CPU.Build.0 = Debug|Any CPU
		{2D4A9E96-9B06-43D9-B5C7-B65C908A02D2}.Debug|x64.ActiveCfg = Debug|Any CPU
		{2D4A9E96-9B06-43D9-B5C7-B65C908A02D2}.Debug|x64.Build.0 = Debug|Any CPU
		{2D4A9E96-9B06-43D9-B5C7-B65C908A02D2}.Debug|x86.ActiveCfg = Debug|Any CPU
		{2D4A9E96-9B06-43D9-B5C7-B65C908A02D2}.Debug|x86.Build.0 = Debug|Any CPU
		{2D4A9E96-9B06-43D9-B5C7-B65C908A02D2}.Release|Any CPU.ActiveCfg = Release|Any CPU
		{2D4A9E96-9B06-43D9-B5C7-B65C908A02D2}.Release|Any CPU.Build.0 = Release|Any CPU
		{2D4A9E96-9B06-43D9-B5C7-B65C908A02D2}.Release|x64.ActiveCfg = Release|Any CPU
		{2D4A9E96-9B06-43D9-B5C7-B65C908A02D2}.Release|x64.Build.0 = Release|Any CPU
		{2D4A9E96-9B06-43D9-B5C7-B65C908A02D2}.Release|x86.ActiveCfg = Release|Any CPU
		{2D4A9E96-9B06-43D9-B5C7-B65C908A02D2}.Release|x86.Build.0 = Release|Any CPU
		{DF27F83D-757C-4263-9812-3EF7892E902C}.Debug|Any CPU.ActiveCfg = Debug|Any CPU
		{DF27F83D-757C-4263-9812-3EF7892E902C}.Debug|Any CPU.Build.0 = Debug|Any CPU
		{DF27F83D-757C-4263-9812-3EF7892E902C}.Debug|x64.ActiveCfg = Debug|Any CPU
		{DF27F83D-757C-4263-9812-3EF7892E902C}.Debug|x64.Build.0 = Debug|Any CPU
		{DF27F83D-757C-4263-9812-3EF7892E902C}.Debug|x86.ActiveCfg = Debug|Any CPU
		{DF27F83D-757C-4263-9812-3EF7892E902C}.Debug|x86.Build.0 = Debug|Any CPU
		{DF27F83D-757C-4263-9812-3EF7892E902C}.Release|Any CPU.ActiveCfg = Release|Any CPU
		{DF27F83D-757C-4263-9812-3EF7892E902C}.Release|Any CPU.Build.0 = Release|Any CPU
		{DF27F83D-757C-4263-9812-3EF7892E902C}.Release|x64.ActiveCfg = Release|Any CPU
		{DF27F83D-757C-4263-9812-3EF7892E902C}.Release|x64.Build.0 = Release|Any CPU
		{DF27F83D-757C-4263-9812-3EF7892E902C}.Release|x86.ActiveCfg = Release|Any CPU
		{DF27F83D-757C-4263-9812-3EF7892E902C}.Release|x86.Build.0 = Release|Any CPU
	EndGlobalSection
	GlobalSection(NestedProjects) = preSolution
		{2D4A9E96-9B06-43D9-B5C7-B65C908A02D2} = {F935BAD1-C810-4FEC-9F80-530714CAA5AE}
		{DF27F83D-757C-4263-9812-3EF7892E902C} = {F935BAD1-C810-4FEC-9F80-530714CAA5AE}
	EndGlobalSection
EndGlobal
