
Microsoft Visual Studio Solution File, Format Version 12.00
# Visual Studio Version 16
VisualStudioVersion = 16.6.30114.105
MinimumVisualStudioVersion = 10.0.40219.1
Project("{FAE04EC0-301F-11D3-BF4B-00C04F79EFBC}") = "A", "A\A.csproj", "{35E74503-2F48-4196-B02F-8257AF0C0C63}"
EndProject
Project("{FAE04EC0-301F-11D3-BF4B-00C04F79EFBC}") = "B", "B\B.csproj", "{50605041-D282-4480-B356-96ADCE093752}"
EndProject
Project("{FAE04EC0-301F-11D3-BF4B-00C04F79EFBC}") = "Combined", "Combined\Combined.csproj", "{0A82AA4D-B88D-471B-A337-3A11DB1CCA7B}"
EndProject
Global
	GlobalSection(SolutionConfigurationPlatforms) = preSolution
		Debug|Any CPU = Debug|Any CPU
		Debug|x64 = Debug|x64
		Debug|x86 = Debug|x86
		Release|Any CPU = Release|Any CPU
		Release|x64 = Release|x64
		Release|x86 = Release|x86
	EndGlobalSection
	GlobalSection(SolutionProperties) = preSolution
		HideSolutionNode = FALSE
	EndGlobalSection
	GlobalSection(ProjectConfigurationPlatforms) = postSolution
		{35E74503-2F48-4196-B02F-8257AF0C0C63}.Debug|Any CPU.ActiveCfg = Debug|Any CPU
		{35E74503-2F48-4196-B02F-8257AF0C0C63}.Debug|Any CPU.Build.0 = Debug|Any CPU
		{35E74503-2F48-4196-B02F-8257AF0C0C63}.Debug|x64.ActiveCfg = Debug|Any CPU
		{35E74503-2F48-4196-B02F-8257AF0C0C63}.Debug|x64.Build.0 = Debug|Any CPU
		{35E74503-2F48-4196-B02F-8257AF0C0C63}.Debug|x86.ActiveCfg = Debug|Any CPU
		{35E74503-2F48-4196-B02F-8257AF0C0C63}.Debug|x86.Build.0 = Debug|Any CPU
		{35E74503-2F48-4196-B02F-8257AF0C0C63}.Release|Any CPU.ActiveCfg = Release|Any CPU
		{35E74503-2F48-4196-B02F-8257AF0C0C63}.Release|Any CPU.Build.0 = Release|Any CPU
		{35E74503-2F48-4196-B02F-8257AF0C0C63}.Release|x64.ActiveCfg = Release|Any CPU
		{35E74503-2F48-4196-B02F-8257AF0C0C63}.Release|x64.Build.0 = Release|Any CPU
		{35E74503-2F48-4196-B02F-8257AF0C0C63}.Release|x86.ActiveCfg = Release|Any CPU
		{35E74503-2F48-4196-B02F-8257AF0C0C63}.Release|x86.Build.0 = Release|Any CPU
		{50605041-D282-4480-B356-96ADCE093752}.Debug|Any CPU.ActiveCfg = Debug|Any CPU
		{50605041-D282-4480-B356-96ADCE093752}.Debug|Any CPU.Build.0 = Debug|Any CPU
		{50605041-D282-4480-B356-96ADCE093752}.Debug|x64.ActiveCfg = Debug|Any CPU
		{50605041-D282-4480-B356-96ADCE093752}.Debug|x64.Build.0 = Debug|Any CPU
		{50605041-D282-4480-B356-96ADCE093752}.Debug|x86.ActiveCfg = Debug|Any CPU
		{50605041-D282-4480-B356-96ADCE093752}.Debug|x86.Build.0 = Debug|Any CPU
		{50605041-D282-4480-B356-96ADCE093752}.Release|Any CPU.ActiveCfg = Release|Any CPU
		{50605041-D282-4480-B356-96ADCE093752}.Release|Any CPU.Build.0 = Release|Any CPU
		{50605041-D282-4480-B356-96ADCE093752}.Release|x64.ActiveCfg = Release|Any CPU
		{50605041-D282-4480-B356-96ADCE093752}.Release|x64.Build.0 = Release|Any CPU
		{50605041-D282-4480-B356-96ADCE093752}.Release|x86.ActiveCfg = Release|Any CPU
		{50605041-D282-4480-B356-96ADCE093752}.Release|x86.Build.0 = Release|Any CPU
		{0A82AA4D-B88D-471B-A337-3A11DB1CCA7B}.Debug|Any CPU.ActiveCfg = Debug|Any CPU
		{0A82AA4D-B88D-471B-A337-3A11DB1CCA7B}.Debug|Any CPU.Build.0 = Debug|Any CPU
		{0A82AA4D-B88D-471B-A337-3A11DB1CCA7B}.Debug|x64.ActiveCfg = Debug|Any CPU
		{0A82AA4D-B88D-471B-A337-3A11DB1CCA7B}.Debug|x64.Build.0 = Debug|Any CPU
		{0A82AA4D-B88D-471B-A337-3A11DB1CCA7B}.Debug|x86.ActiveCfg = Debug|Any CPU
		{0A82AA4D-B88D-471B-A337-3A11DB1CCA7B}.Debug|x86.Build.0 = Debug|Any CPU
		{0A82AA4D-B88D-471B-A337-3A11DB1CCA7B}.Release|Any CPU.ActiveCfg = Release|Any CPU
		{0A82AA4D-B88D-471B-A337-3A11DB1CCA7B}.Release|Any CPU.Build.0 = Release|Any CPU
		{0A82AA4D-B88D-471B-A337-3A11DB1CCA7B}.Release|x64.ActiveCfg = Release|Any CPU
		{0A82AA4D-B88D-471B-A337-3A11DB1CCA7B}.Release|x64.Build.0 = Release|Any CPU
		{0A82AA4D-B88D-471B-A337-3A11DB1CCA7B}.Release|x86.ActiveCfg = Release|Any CPU
		{0A82AA4D-B88D-471B-A337-3A11DB1CCA7B}.Release|x86.Build.0 = Release|Any CPU
	EndGlobalSection
EndGlobal
